
Microsoft Visual Studio Solution File, Format Version 12.00
# Visual Studio 15
VisualStudioVersion = 15.0.28307.757
MinimumVisualStudioVersion = 10.0.40219.1
Project("{FAE04EC0-301F-11D3-BF4B-00C04F79EFBC}") = "FerrariEmp", "FerrariEmp\FerrariEmp.csproj", "{9709B9C8-3421-49E7-AD32-062A63747CEB}"
EndProject
Project("{FAE04EC0-301F-11D3-BF4B-00C04F79EFBC}") = "FerrariEmp.lib", "FerrariEmp.lib\FerrariEmp.lib.csproj", "{BA544F11-9891-4C9A-90D2-01D6A8148CF3}"
EndProject
Global
	GlobalSection(SolutionConfigurationPlatforms) = preSolution
		Debug|Any CPU = Debug|Any CPU
		Release|Any CPU = Release|Any CPU
	EndGlobalSection
	GlobalSection(ProjectConfigurationPlatforms) = postSolution
		{9709B9C8-3421-49E7-AD32-062A63747CEB}.Debug|Any CPU.ActiveCfg = Debug|Any CPU
		{9709B9C8-3421-49E7-AD32-062A63747CEB}.Debug|Any CPU.Build.0 = Debug|Any CPU
		{9709B9C8-3421-49E7-AD32-062A63747CEB}.Release|Any CPU.ActiveCfg = Release|Any CPU
		{9709B9C8-3421-49E7-AD32-062A63747CEB}.Release|Any CPU.Build.0 = Release|Any CPU
		{BA544F11-9891-4C9A-90D2-01D6A8148CF3}.Debug|Any CPU.ActiveCfg = Debug|Any CPU
		{BA544F11-9891-4C9A-90D2-01D6A8148CF3}.Debug|Any CPU.Build.0 = Debug|Any CPU
		{BA544F11-9891-4C9A-90D2-01D6A8148CF3}.Release|Any CPU.ActiveCfg = Release|Any CPU
		{BA544F11-9891-4C9A-90D2-01D6A8148CF3}.Release|Any CPU.Build.0 = Release|Any CPU
	EndGlobalSection
	GlobalSection(SolutionProperties) = preSolution
		HideSolutionNode = FALSE
	EndGlobalSection
	GlobalSection(ExtensibilityGlobals) = postSolution
		SolutionGuid = {4B9E7F71-66B4-4A54-AFD0-85FED4C2EA5F}
	EndGlobalSection
EndGlobal
